// !$*UTF8*$!
{
	archiveVersion = 1;
	classes = {
	};
	objectVersion = 51;
	objects = {

/* Begin PBXBuildFile section */
		7B80BA4448D3F84AE900312E /* Pods_MobileNetworkInventoryManager.framework in Frameworks */ = {isa = PBXBuildFile; fileRef = 62A6074FD2511C7978FCBC97 /* Pods_MobileNetworkInventoryManager.framework */; };
		AB01007BA2B410D965D76396 /* Pods_MobileNetworkInventoryManagerTests.framework in Frameworks */ = {isa = PBXBuildFile; fileRef = 70C2CDFC920A757E5FFD6BBC /* Pods_MobileNetworkInventoryManagerTests.framework */; };
		B907F2A7248530E80063754C /* Sort.swift in Sources */ = {isa = PBXBuildFile; fileRef = B907F2A6248530E80063754C /* Sort.swift */; };
		B907F2AD2485336A0063754C /* SortViewModel.swift in Sources */ = {isa = PBXBuildFile; fileRef = B907F2AC2485336A0063754C /* SortViewModel.swift */; };
		B928A85A2484422A0092D246 /* SortDelegate.swift in Sources */ = {isa = PBXBuildFile; fileRef = B928A8592484422A0092D246 /* SortDelegate.swift */; };
		B928A85C248460B70092D246 /* SortView.swift in Sources */ = {isa = PBXBuildFile; fileRef = B928A85B248460B70092D246 /* SortView.swift */; };
		B965F66A247D5F9E00E2E4A2 /* Login.swift in Sources */ = {isa = PBXBuildFile; fileRef = B965F669247D5F9E00E2E4A2 /* Login.swift */; };
		B98D18BD2475952B0053ABF5 /* AppDelegate.swift in Sources */ = {isa = PBXBuildFile; fileRef = B98D18BC2475952B0053ABF5 /* AppDelegate.swift */; };
		B98D18BF2475952B0053ABF5 /* SceneDelegate.swift in Sources */ = {isa = PBXBuildFile; fileRef = B98D18BE2475952B0053ABF5 /* SceneDelegate.swift */; };
		B98D18C32475952C0053ABF5 /* Assets.xcassets in Resources */ = {isa = PBXBuildFile; fileRef = B98D18C22475952C0053ABF5 /* Assets.xcassets */; };
		B98D18C62475952C0053ABF5 /* Preview Assets.xcassets in Resources */ = {isa = PBXBuildFile; fileRef = B98D18C52475952C0053ABF5 /* Preview Assets.xcassets */; };
		B98D18C92475952C0053ABF5 /* LaunchScreen.storyboard in Resources */ = {isa = PBXBuildFile; fileRef = B98D18C72475952C0053ABF5 /* LaunchScreen.storyboard */; };
		B98D18D42475952D0053ABF5 /* MobileNetworkInventoryManagerTests.swift in Sources */ = {isa = PBXBuildFile; fileRef = B98D18D32475952D0053ABF5 /* MobileNetworkInventoryManagerTests.swift */; };
		B98D18DF2475952D0053ABF5 /* MobileNetworkInventoryManagerUITests.swift in Sources */ = {isa = PBXBuildFile; fileRef = B98D18DE2475952D0053ABF5 /* MobileNetworkInventoryManagerUITests.swift */; };
		B98D18EE247597090053ABF5 /* Coordinator.swift in Sources */ = {isa = PBXBuildFile; fileRef = B98D18ED247597090053ABF5 /* Coordinator.swift */; };
		B98D18F12475975E0053ABF5 /* AppCoordinator.swift in Sources */ = {isa = PBXBuildFile; fileRef = B98D18F02475975E0053ABF5 /* AppCoordinator.swift */; };
		B98D18F3247597860053ABF5 /* SitesCoordinator.swift in Sources */ = {isa = PBXBuildFile; fileRef = B98D18F2247597860053ABF5 /* SitesCoordinator.swift */; };
		B98D18FC2475A37A0053ABF5 /* SitesViewModel.swift in Sources */ = {isa = PBXBuildFile; fileRef = B98D18FB2475A37A0053ABF5 /* SitesViewModel.swift */; };
		B98D19012475A9C40053ABF5 /* Localizable.strings in Resources */ = {isa = PBXBuildFile; fileRef = B98D19032475A9C40053ABF5 /* Localizable.strings */; };
		B98D19062475AAC50053ABF5 /* R.generated.swift in Sources */ = {isa = PBXBuildFile; fileRef = B98D19052475AAC50053ABF5 /* R.generated.swift */; };
		B98D19082475B51B0053ABF5 /* TasksCoordinator.swift in Sources */ = {isa = PBXBuildFile; fileRef = B98D19072475B51B0053ABF5 /* TasksCoordinator.swift */; };
		B98D190D2475B6950053ABF5 /* TasksViewController.swift in Sources */ = {isa = PBXBuildFile; fileRef = B98D190C2475B6950053ABF5 /* TasksViewController.swift */; };
		B98D190F2475B6B20053ABF5 /* TasksViewModel.swift in Sources */ = {isa = PBXBuildFile; fileRef = B98D190E2475B6B20053ABF5 /* TasksViewModel.swift */; };
		B98D19142475B90C0053ABF5 /* MapViewModel.swift in Sources */ = {isa = PBXBuildFile; fileRef = B98D19132475B90C0053ABF5 /* MapViewModel.swift */; };
		B98D19162475B9350053ABF5 /* MapViewController.swift in Sources */ = {isa = PBXBuildFile; fileRef = B98D19152475B9350053ABF5 /* MapViewController.swift */; };
		B98D19182475B96E0053ABF5 /* MapCoordinator.swift in Sources */ = {isa = PBXBuildFile; fileRef = B98D19172475B96E0053ABF5 /* MapCoordinator.swift */; };
		B98D191D2475BA610053ABF5 /* UserViewModel.swift in Sources */ = {isa = PBXBuildFile; fileRef = B98D191C2475BA610053ABF5 /* UserViewModel.swift */; };
		B98D191F2475BA880053ABF5 /* UserViewController.swift in Sources */ = {isa = PBXBuildFile; fileRef = B98D191E2475BA880053ABF5 /* UserViewController.swift */; };
		B98D19212475BABC0053ABF5 /* UserCoordinator.swift in Sources */ = {isa = PBXBuildFile; fileRef = B98D19202475BABC0053ABF5 /* UserCoordinator.swift */; };
		B98D19232475CA460053ABF5 /* LoginCoordinator.swift in Sources */ = {isa = PBXBuildFile; fileRef = B98D19222475CA460053ABF5 /* LoginCoordinator.swift */; };
		B98D19282475CD9D0053ABF5 /* LoginViewModel.swift in Sources */ = {isa = PBXBuildFile; fileRef = B98D19272475CD9D0053ABF5 /* LoginViewModel.swift */; };
		B98D192A2475CDC00053ABF5 /* LoginViewController.swift in Sources */ = {isa = PBXBuildFile; fileRef = B98D19292475CDC00053ABF5 /* LoginViewController.swift */; };
		B98D192C2475D5830053ABF5 /* Utilities.swift in Sources */ = {isa = PBXBuildFile; fileRef = B98D192B2475D5830053ABF5 /* Utilities.swift */; };
		B98D192E2475DE9B0053ABF5 /* Request.swift in Sources */ = {isa = PBXBuildFile; fileRef = B98D192D2475DE9B0053ABF5 /* Request.swift */; };
		B98D19302475DFE20053ABF5 /* CoordinatorDelegate.swift in Sources */ = {isa = PBXBuildFile; fileRef = B98D192F2475DFE20053ABF5 /* CoordinatorDelegate.swift */; };
		B98D19322475E1720053ABF5 /* ViewControllerDelegate.swift in Sources */ = {isa = PBXBuildFile; fileRef = B98D19312475E1720053ABF5 /* ViewControllerDelegate.swift */; };
		B9BFA4952486862F007C63B4 /* LoggedUser.swift in Sources */ = {isa = PBXBuildFile; fileRef = B9BFA4942486862F007C63B4 /* LoggedUser.swift */; };
		B9BFA497248696DB007C63B4 /* SiteSortSettings.swift in Sources */ = {isa = PBXBuildFile; fileRef = B9BFA496248696DB007C63B4 /* SiteSortSettings.swift */; };
		B9EF08D4247662BD00D4C7A8 /* User.swift in Sources */ = {isa = PBXBuildFile; fileRef = B9EF08D3247662BD00D4C7A8 /* User.swift */; };
		B9F293DF247EA76900ABF197 /* LoginDelegate.swift in Sources */ = {isa = PBXBuildFile; fileRef = B9F293DE247EA76900ABF197 /* LoginDelegate.swift */; };
		B9F293E1247EAD1D00ABF197 /* UserDelegate.swift in Sources */ = {isa = PBXBuildFile; fileRef = B9F293E0247EAD1D00ABF197 /* UserDelegate.swift */; };
		B9F293E4247EED5D00ABF197 /* Site.swift in Sources */ = {isa = PBXBuildFile; fileRef = B9F293E3247EED5D00ABF197 /* Site.swift */; };
		B9F293E7247EF52100ABF197 /* SitePreview.swift in Sources */ = {isa = PBXBuildFile; fileRef = B9F293E6247EF52100ABF197 /* SitePreview.swift */; };
		B9F293E9247F010E00ABF197 /* SitesTableViewController.swift in Sources */ = {isa = PBXBuildFile; fileRef = B9F293E8247F010E00ABF197 /* SitesTableViewController.swift */; };
		B9F293EB247F024E00ABF197 /* SitesTableViewCell.swift in Sources */ = {isa = PBXBuildFile; fileRef = B9F293EA247F024E00ABF197 /* SitesTableViewCell.swift */; };
		CAE9057E7E00FFE1C5CC5195 /* Pods_MobileNetworkInventoryManager_MobileNetworkInventoryManagerUITests.framework in Frameworks */ = {isa = PBXBuildFile; fileRef = 122FD36CCF12F42EAD29E2F3 /* Pods_MobileNetworkInventoryManager_MobileNetworkInventoryManagerUITests.framework */; };
/* End PBXBuildFile section */

/* Begin PBXContainerItemProxy section */
		B98D18D02475952D0053ABF5 /* PBXContainerItemProxy */ = {
			isa = PBXContainerItemProxy;
			containerPortal = B98D18B12475952B0053ABF5 /* Project object */;
			proxyType = 1;
			remoteGlobalIDString = B98D18B82475952B0053ABF5;
			remoteInfo = MobileNetworkInventoryManager;
		};
		B98D18DB2475952D0053ABF5 /* PBXContainerItemProxy */ = {
			isa = PBXContainerItemProxy;
			containerPortal = B98D18B12475952B0053ABF5 /* Project object */;
			proxyType = 1;
			remoteGlobalIDString = B98D18B82475952B0053ABF5;
			remoteInfo = MobileNetworkInventoryManager;
		};
/* End PBXContainerItemProxy section */

/* Begin PBXFileReference section */
		0178B5125814F0A3DE99A3D6 /* Pods-MobileNetworkInventoryManager.release.xcconfig */ = {isa = PBXFileReference; includeInIndex = 1; lastKnownFileType = text.xcconfig; name = "Pods-MobileNetworkInventoryManager.release.xcconfig"; path = "Target Support Files/Pods-MobileNetworkInventoryManager/Pods-MobileNetworkInventoryManager.release.xcconfig"; sourceTree = "<group>"; };
		122FD36CCF12F42EAD29E2F3 /* Pods_MobileNetworkInventoryManager_MobileNetworkInventoryManagerUITests.framework */ = {isa = PBXFileReference; explicitFileType = wrapper.framework; includeInIndex = 0; path = Pods_MobileNetworkInventoryManager_MobileNetworkInventoryManagerUITests.framework; sourceTree = BUILT_PRODUCTS_DIR; };
		198E2B40870B0231B0899829 /* Pods-MobileNetworkInventoryManagerTests.release.xcconfig */ = {isa = PBXFileReference; includeInIndex = 1; lastKnownFileType = text.xcconfig; name = "Pods-MobileNetworkInventoryManagerTests.release.xcconfig"; path = "Target Support Files/Pods-MobileNetworkInventoryManagerTests/Pods-MobileNetworkInventoryManagerTests.release.xcconfig"; sourceTree = "<group>"; };
		62A6074FD2511C7978FCBC97 /* Pods_MobileNetworkInventoryManager.framework */ = {isa = PBXFileReference; explicitFileType = wrapper.framework; includeInIndex = 0; path = Pods_MobileNetworkInventoryManager.framework; sourceTree = BUILT_PRODUCTS_DIR; };
		70C2CDFC920A757E5FFD6BBC /* Pods_MobileNetworkInventoryManagerTests.framework */ = {isa = PBXFileReference; explicitFileType = wrapper.framework; includeInIndex = 0; path = Pods_MobileNetworkInventoryManagerTests.framework; sourceTree = BUILT_PRODUCTS_DIR; };
		763BB18B6C3637227FBB7651 /* Pods-MobileNetworkInventoryManager.debug.xcconfig */ = {isa = PBXFileReference; includeInIndex = 1; lastKnownFileType = text.xcconfig; name = "Pods-MobileNetworkInventoryManager.debug.xcconfig"; path = "Target Support Files/Pods-MobileNetworkInventoryManager/Pods-MobileNetworkInventoryManager.debug.xcconfig"; sourceTree = "<group>"; };
		9B4791EFB61DA4141953D1E9 /* Pods-MobileNetworkInventoryManager-MobileNetworkInventoryManagerUITests.release.xcconfig */ = {isa = PBXFileReference; includeInIndex = 1; lastKnownFileType = text.xcconfig; name = "Pods-MobileNetworkInventoryManager-MobileNetworkInventoryManagerUITests.release.xcconfig"; path = "Target Support Files/Pods-MobileNetworkInventoryManager-MobileNetworkInventoryManagerUITests/Pods-MobileNetworkInventoryManager-MobileNetworkInventoryManagerUITests.release.xcconfig"; sourceTree = "<group>"; };
		9F59E51D23D8D1F150DF0B86 /* Pods-MobileNetworkInventoryManagerTests.debug.xcconfig */ = {isa = PBXFileReference; includeInIndex = 1; lastKnownFileType = text.xcconfig; name = "Pods-MobileNetworkInventoryManagerTests.debug.xcconfig"; path = "Target Support Files/Pods-MobileNetworkInventoryManagerTests/Pods-MobileNetworkInventoryManagerTests.debug.xcconfig"; sourceTree = "<group>"; };
		B907F2A6248530E80063754C /* Sort.swift */ = {isa = PBXFileReference; lastKnownFileType = sourcecode.swift; path = Sort.swift; sourceTree = "<group>"; };
		B907F2AC2485336A0063754C /* SortViewModel.swift */ = {isa = PBXFileReference; lastKnownFileType = sourcecode.swift; path = SortViewModel.swift; sourceTree = "<group>"; };
		B928A8592484422A0092D246 /* SortDelegate.swift */ = {isa = PBXFileReference; lastKnownFileType = sourcecode.swift; path = SortDelegate.swift; sourceTree = "<group>"; };
		B928A85B248460B70092D246 /* SortView.swift */ = {isa = PBXFileReference; lastKnownFileType = sourcecode.swift; path = SortView.swift; sourceTree = "<group>"; };
		B965F669247D5F9E00E2E4A2 /* Login.swift */ = {isa = PBXFileReference; lastKnownFileType = sourcecode.swift; path = Login.swift; sourceTree = "<group>"; };
		B98D18B92475952B0053ABF5 /* MobileNetworkInventoryManager.app */ = {isa = PBXFileReference; explicitFileType = wrapper.application; includeInIndex = 0; path = MobileNetworkInventoryManager.app; sourceTree = BUILT_PRODUCTS_DIR; };
		B98D18BC2475952B0053ABF5 /* AppDelegate.swift */ = {isa = PBXFileReference; lastKnownFileType = sourcecode.swift; path = AppDelegate.swift; sourceTree = "<group>"; };
		B98D18BE2475952B0053ABF5 /* SceneDelegate.swift */ = {isa = PBXFileReference; lastKnownFileType = sourcecode.swift; path = SceneDelegate.swift; sourceTree = "<group>"; };
		B98D18C22475952C0053ABF5 /* Assets.xcassets */ = {isa = PBXFileReference; lastKnownFileType = folder.assetcatalog; path = Assets.xcassets; sourceTree = "<group>"; };
		B98D18C52475952C0053ABF5 /* Preview Assets.xcassets */ = {isa = PBXFileReference; lastKnownFileType = folder.assetcatalog; path = "Preview Assets.xcassets"; sourceTree = "<group>"; };
		B98D18C82475952C0053ABF5 /* Base */ = {isa = PBXFileReference; lastKnownFileType = file.storyboard; name = Base; path = Base.lproj/LaunchScreen.storyboard; sourceTree = "<group>"; };
		B98D18CA2475952C0053ABF5 /* Info.plist */ = {isa = PBXFileReference; lastKnownFileType = text.plist.xml; path = Info.plist; sourceTree = "<group>"; };
		B98D18CF2475952D0053ABF5 /* MobileNetworkInventoryManagerTests.xctest */ = {isa = PBXFileReference; explicitFileType = wrapper.cfbundle; includeInIndex = 0; path = MobileNetworkInventoryManagerTests.xctest; sourceTree = BUILT_PRODUCTS_DIR; };
		B98D18D32475952D0053ABF5 /* MobileNetworkInventoryManagerTests.swift */ = {isa = PBXFileReference; lastKnownFileType = sourcecode.swift; path = MobileNetworkInventoryManagerTests.swift; sourceTree = "<group>"; };
		B98D18D52475952D0053ABF5 /* Info.plist */ = {isa = PBXFileReference; lastKnownFileType = text.plist.xml; path = Info.plist; sourceTree = "<group>"; };
		B98D18DA2475952D0053ABF5 /* MobileNetworkInventoryManagerUITests.xctest */ = {isa = PBXFileReference; explicitFileType = wrapper.cfbundle; includeInIndex = 0; path = MobileNetworkInventoryManagerUITests.xctest; sourceTree = BUILT_PRODUCTS_DIR; };
		B98D18DE2475952D0053ABF5 /* MobileNetworkInventoryManagerUITests.swift */ = {isa = PBXFileReference; lastKnownFileType = sourcecode.swift; path = MobileNetworkInventoryManagerUITests.swift; sourceTree = "<group>"; };
		B98D18E02475952D0053ABF5 /* Info.plist */ = {isa = PBXFileReference; lastKnownFileType = text.plist.xml; path = Info.plist; sourceTree = "<group>"; };
		B98D18ED247597090053ABF5 /* Coordinator.swift */ = {isa = PBXFileReference; lastKnownFileType = sourcecode.swift; path = Coordinator.swift; sourceTree = "<group>"; };
		B98D18F02475975E0053ABF5 /* AppCoordinator.swift */ = {isa = PBXFileReference; lastKnownFileType = sourcecode.swift; path = AppCoordinator.swift; sourceTree = "<group>"; };
		B98D18F2247597860053ABF5 /* SitesCoordinator.swift */ = {isa = PBXFileReference; lastKnownFileType = sourcecode.swift; path = SitesCoordinator.swift; sourceTree = "<group>"; };
		B98D18FB2475A37A0053ABF5 /* SitesViewModel.swift */ = {isa = PBXFileReference; lastKnownFileType = sourcecode.swift; path = SitesViewModel.swift; sourceTree = "<group>"; };
		B98D19022475A9C40053ABF5 /* en */ = {isa = PBXFileReference; lastKnownFileType = text.plist.strings; name = en; path = en.lproj/Localizable.strings; sourceTree = "<group>"; };
		B98D19052475AAC50053ABF5 /* R.generated.swift */ = {isa = PBXFileReference; fileEncoding = 4; lastKnownFileType = sourcecode.swift; path = R.generated.swift; sourceTree = SOURCE_ROOT; };
		B98D19072475B51B0053ABF5 /* TasksCoordinator.swift */ = {isa = PBXFileReference; lastKnownFileType = sourcecode.swift; path = TasksCoordinator.swift; sourceTree = "<group>"; };
		B98D190C2475B6950053ABF5 /* TasksViewController.swift */ = {isa = PBXFileReference; lastKnownFileType = sourcecode.swift; path = TasksViewController.swift; sourceTree = "<group>"; };
		B98D190E2475B6B20053ABF5 /* TasksViewModel.swift */ = {isa = PBXFileReference; lastKnownFileType = sourcecode.swift; path = TasksViewModel.swift; sourceTree = "<group>"; };
		B98D19132475B90C0053ABF5 /* MapViewModel.swift */ = {isa = PBXFileReference; lastKnownFileType = sourcecode.swift; path = MapViewModel.swift; sourceTree = "<group>"; };
		B98D19152475B9350053ABF5 /* MapViewController.swift */ = {isa = PBXFileReference; lastKnownFileType = sourcecode.swift; path = MapViewController.swift; sourceTree = "<group>"; };
		B98D19172475B96E0053ABF5 /* MapCoordinator.swift */ = {isa = PBXFileReference; lastKnownFileType = sourcecode.swift; path = MapCoordinator.swift; sourceTree = "<group>"; };
		B98D191C2475BA610053ABF5 /* UserViewModel.swift */ = {isa = PBXFileReference; lastKnownFileType = sourcecode.swift; path = UserViewModel.swift; sourceTree = "<group>"; };
		B98D191E2475BA880053ABF5 /* UserViewController.swift */ = {isa = PBXFileReference; lastKnownFileType = sourcecode.swift; path = UserViewController.swift; sourceTree = "<group>"; };
		B98D19202475BABC0053ABF5 /* UserCoordinator.swift */ = {isa = PBXFileReference; lastKnownFileType = sourcecode.swift; path = UserCoordinator.swift; sourceTree = "<group>"; };
		B98D19222475CA460053ABF5 /* LoginCoordinator.swift */ = {isa = PBXFileReference; lastKnownFileType = sourcecode.swift; path = LoginCoordinator.swift; sourceTree = "<group>"; };
		B98D19272475CD9D0053ABF5 /* LoginViewModel.swift */ = {isa = PBXFileReference; lastKnownFileType = sourcecode.swift; path = LoginViewModel.swift; sourceTree = "<group>"; };
		B98D19292475CDC00053ABF5 /* LoginViewController.swift */ = {isa = PBXFileReference; lastKnownFileType = sourcecode.swift; path = LoginViewController.swift; sourceTree = "<group>"; };
		B98D192B2475D5830053ABF5 /* Utilities.swift */ = {isa = PBXFileReference; lastKnownFileType = sourcecode.swift; path = Utilities.swift; sourceTree = "<group>"; };
		B98D192D2475DE9B0053ABF5 /* Request.swift */ = {isa = PBXFileReference; lastKnownFileType = sourcecode.swift; path = Request.swift; sourceTree = "<group>"; };
		B98D192F2475DFE20053ABF5 /* CoordinatorDelegate.swift */ = {isa = PBXFileReference; lastKnownFileType = sourcecode.swift; path = CoordinatorDelegate.swift; sourceTree = "<group>"; };
		B98D19312475E1720053ABF5 /* ViewControllerDelegate.swift */ = {isa = PBXFileReference; lastKnownFileType = sourcecode.swift; path = ViewControllerDelegate.swift; sourceTree = "<group>"; };
		B9BFA4942486862F007C63B4 /* LoggedUser.swift */ = {isa = PBXFileReference; lastKnownFileType = sourcecode.swift; path = LoggedUser.swift; sourceTree = "<group>"; };
		B9BFA496248696DB007C63B4 /* SiteSortSettings.swift */ = {isa = PBXFileReference; lastKnownFileType = sourcecode.swift; path = SiteSortSettings.swift; sourceTree = "<group>"; };
		B9EF08D3247662BD00D4C7A8 /* User.swift */ = {isa = PBXFileReference; lastKnownFileType = sourcecode.swift; path = User.swift; sourceTree = "<group>"; };
		B9F293DE247EA76900ABF197 /* LoginDelegate.swift */ = {isa = PBXFileReference; lastKnownFileType = sourcecode.swift; path = LoginDelegate.swift; sourceTree = "<group>"; };
		B9F293E0247EAD1D00ABF197 /* UserDelegate.swift */ = {isa = PBXFileReference; lastKnownFileType = sourcecode.swift; path = UserDelegate.swift; sourceTree = "<group>"; };
		B9F293E3247EED5D00ABF197 /* Site.swift */ = {isa = PBXFileReference; lastKnownFileType = sourcecode.swift; path = Site.swift; sourceTree = "<group>"; };
		B9F293E6247EF52100ABF197 /* SitePreview.swift */ = {isa = PBXFileReference; lastKnownFileType = sourcecode.swift; path = SitePreview.swift; sourceTree = "<group>"; };
		B9F293E8247F010E00ABF197 /* SitesTableViewController.swift */ = {isa = PBXFileReference; lastKnownFileType = sourcecode.swift; path = SitesTableViewController.swift; sourceTree = "<group>"; };
		B9F293EA247F024E00ABF197 /* SitesTableViewCell.swift */ = {isa = PBXFileReference; lastKnownFileType = sourcecode.swift; path = SitesTableViewCell.swift; sourceTree = "<group>"; };
		FBD38ED969EA95C250BB8EBC /* Pods-MobileNetworkInventoryManager-MobileNetworkInventoryManagerUITests.debug.xcconfig */ = {isa = PBXFileReference; includeInIndex = 1; lastKnownFileType = text.xcconfig; name = "Pods-MobileNetworkInventoryManager-MobileNetworkInventoryManagerUITests.debug.xcconfig"; path = "Target Support Files/Pods-MobileNetworkInventoryManager-MobileNetworkInventoryManagerUITests/Pods-MobileNetworkInventoryManager-MobileNetworkInventoryManagerUITests.debug.xcconfig"; sourceTree = "<group>"; };
/* End PBXFileReference section */

/* Begin PBXFrameworksBuildPhase section */
		B98D18B62475952B0053ABF5 /* Frameworks */ = {
			isa = PBXFrameworksBuildPhase;
			buildActionMask = 2147483647;
			files = (
				7B80BA4448D3F84AE900312E /* Pods_MobileNetworkInventoryManager.framework in Frameworks */,
			);
			runOnlyForDeploymentPostprocessing = 0;
		};
		B98D18CC2475952D0053ABF5 /* Frameworks */ = {
			isa = PBXFrameworksBuildPhase;
			buildActionMask = 2147483647;
			files = (
				AB01007BA2B410D965D76396 /* Pods_MobileNetworkInventoryManagerTests.framework in Frameworks */,
			);
			runOnlyForDeploymentPostprocessing = 0;
		};
		B98D18D72475952D0053ABF5 /* Frameworks */ = {
			isa = PBXFrameworksBuildPhase;
			buildActionMask = 2147483647;
			files = (
				CAE9057E7E00FFE1C5CC5195 /* Pods_MobileNetworkInventoryManager_MobileNetworkInventoryManagerUITests.framework in Frameworks */,
			);
			runOnlyForDeploymentPostprocessing = 0;
		};
/* End PBXFrameworksBuildPhase section */

/* Begin PBXGroup section */
		76D98BC212072DCE9A2586C9 /* Frameworks */ = {
			isa = PBXGroup;
			children = (
				62A6074FD2511C7978FCBC97 /* Pods_MobileNetworkInventoryManager.framework */,
				122FD36CCF12F42EAD29E2F3 /* Pods_MobileNetworkInventoryManager_MobileNetworkInventoryManagerUITests.framework */,
				70C2CDFC920A757E5FFD6BBC /* Pods_MobileNetworkInventoryManagerTests.framework */,
			);
			name = Frameworks;
			sourceTree = "<group>";
		};
		9F464AE88ECCFA5F4497948D /* Pods */ = {
			isa = PBXGroup;
			children = (
				763BB18B6C3637227FBB7651 /* Pods-MobileNetworkInventoryManager.debug.xcconfig */,
				0178B5125814F0A3DE99A3D6 /* Pods-MobileNetworkInventoryManager.release.xcconfig */,
				FBD38ED969EA95C250BB8EBC /* Pods-MobileNetworkInventoryManager-MobileNetworkInventoryManagerUITests.debug.xcconfig */,
				9B4791EFB61DA4141953D1E9 /* Pods-MobileNetworkInventoryManager-MobileNetworkInventoryManagerUITests.release.xcconfig */,
				9F59E51D23D8D1F150DF0B86 /* Pods-MobileNetworkInventoryManagerTests.debug.xcconfig */,
				198E2B40870B0231B0899829 /* Pods-MobileNetworkInventoryManagerTests.release.xcconfig */,
			);
			path = Pods;
			sourceTree = "<group>";
		};
		B907F2A8248532B70063754C /* Sort */ = {
			isa = PBXGroup;
			children = (
				B907F2A9248532CA0063754C /* Model */,
				B907F2AA248532D40063754C /* View */,
				B907F2AB248532DA0063754C /* ViewModel */,
			);
			path = Sort;
			sourceTree = "<group>";
		};
		B907F2A9248532CA0063754C /* Model */ = {
			isa = PBXGroup;
			children = (
				B907F2A6248530E80063754C /* Sort.swift */,
			);
			path = Model;
			sourceTree = "<group>";
		};
		B907F2AA248532D40063754C /* View */ = {
			isa = PBXGroup;
			children = (
				B928A85B248460B70092D246 /* SortView.swift */,
			);
			path = View;
			sourceTree = "<group>";
		};
		B907F2AB248532DA0063754C /* ViewModel */ = {
			isa = PBXGroup;
			children = (
				B907F2AC2485336A0063754C /* SortViewModel.swift */,
			);
			path = ViewModel;
			sourceTree = "<group>";
		};
		B98D18B02475952B0053ABF5 = {
			isa = PBXGroup;
			children = (
				B98D18BB2475952B0053ABF5 /* MobileNetworkInventoryManager */,
				B98D18D22475952D0053ABF5 /* MobileNetworkInventoryManagerTests */,
				B98D18DD2475952D0053ABF5 /* MobileNetworkInventoryManagerUITests */,
				B98D18BA2475952B0053ABF5 /* Products */,
				9F464AE88ECCFA5F4497948D /* Pods */,
				76D98BC212072DCE9A2586C9 /* Frameworks */,
			);
			sourceTree = "<group>";
		};
		B98D18BA2475952B0053ABF5 /* Products */ = {
			isa = PBXGroup;
			children = (
				B98D18B92475952B0053ABF5 /* MobileNetworkInventoryManager.app */,
				B98D18CF2475952D0053ABF5 /* MobileNetworkInventoryManagerTests.xctest */,
				B98D18DA2475952D0053ABF5 /* MobileNetworkInventoryManagerUITests.xctest */,
			);
			name = Products;
			sourceTree = "<group>";
		};
		B98D18BB2475952B0053ABF5 /* MobileNetworkInventoryManager */ = {
			isa = PBXGroup;
			children = (
				B98D18BC2475952B0053ABF5 /* AppDelegate.swift */,
				B98D18BE2475952B0053ABF5 /* SceneDelegate.swift */,
				B98D18EF2475973C0053ABF5 /* Coordinators */,
				B98D18EC247596EB0053ABF5 /* Protocols */,
				B98D19242475CD560053ABF5 /* Login */,
				B98D18F42475A2A00053ABF5 /* Sites */,
				B98D19092475B61F0053ABF5 /* Tasks */,
				B98D19102475B8C60053ABF5 /* Map */,
				B98D19192475BA3B0053ABF5 /* User */,
				B907F2A8248532B70063754C /* Sort */,
				B98D18FD2475A51E0053ABF5 /* Utilities */,
				B98D18C22475952C0053ABF5 /* Assets.xcassets */,
				B98D18C72475952C0053ABF5 /* LaunchScreen.storyboard */,
				B98D18CA2475952C0053ABF5 /* Info.plist */,
				B98D18C42475952C0053ABF5 /* Preview Content */,
			);
			path = MobileNetworkInventoryManager;
			sourceTree = "<group>";
		};
		B98D18C42475952C0053ABF5 /* Preview Content */ = {
			isa = PBXGroup;
			children = (
				B98D18C52475952C0053ABF5 /* Preview Assets.xcassets */,
			);
			path = "Preview Content";
			sourceTree = "<group>";
		};
		B98D18D22475952D0053ABF5 /* MobileNetworkInventoryManagerTests */ = {
			isa = PBXGroup;
			children = (
				B98D18D32475952D0053ABF5 /* MobileNetworkInventoryManagerTests.swift */,
				B98D18D52475952D0053ABF5 /* Info.plist */,
			);
			path = MobileNetworkInventoryManagerTests;
			sourceTree = "<group>";
		};
		B98D18DD2475952D0053ABF5 /* MobileNetworkInventoryManagerUITests */ = {
			isa = PBXGroup;
			children = (
				B98D18DE2475952D0053ABF5 /* MobileNetworkInventoryManagerUITests.swift */,
				B98D18E02475952D0053ABF5 /* Info.plist */,
			);
			path = MobileNetworkInventoryManagerUITests;
			sourceTree = "<group>";
		};
		B98D18EC247596EB0053ABF5 /* Protocols */ = {
			isa = PBXGroup;
			children = (
				B98D18ED247597090053ABF5 /* Coordinator.swift */,
				B98D192F2475DFE20053ABF5 /* CoordinatorDelegate.swift */,
				B98D19312475E1720053ABF5 /* ViewControllerDelegate.swift */,
				B9F293DE247EA76900ABF197 /* LoginDelegate.swift */,
				B9F293E0247EAD1D00ABF197 /* UserDelegate.swift */,
				B928A8592484422A0092D246 /* SortDelegate.swift */,
			);
			path = Protocols;
			sourceTree = "<group>";
		};
		B98D18EF2475973C0053ABF5 /* Coordinators */ = {
			isa = PBXGroup;
			children = (
				B98D18F02475975E0053ABF5 /* AppCoordinator.swift */,
				B98D19222475CA460053ABF5 /* LoginCoordinator.swift */,
				B98D18F2247597860053ABF5 /* SitesCoordinator.swift */,
				B98D19072475B51B0053ABF5 /* TasksCoordinator.swift */,
				B98D19172475B96E0053ABF5 /* MapCoordinator.swift */,
				B98D19202475BABC0053ABF5 /* UserCoordinator.swift */,
			);
			path = Coordinators;
			sourceTree = "<group>";
		};
		B98D18F42475A2A00053ABF5 /* Sites */ = {
			isa = PBXGroup;
			children = (
				B9F293E2247EED4E00ABF197 /* Model */,
				B98D18F92475A3420053ABF5 /* View */,
				B98D18FA2475A34E0053ABF5 /* ViewModel */,
			);
			path = Sites;
			sourceTree = "<group>";
		};
		B98D18F92475A3420053ABF5 /* View */ = {
			isa = PBXGroup;
			children = (
				B9F293EA247F024E00ABF197 /* SitesTableViewCell.swift */,
				B9F293E8247F010E00ABF197 /* SitesTableViewController.swift */,
			);
			path = View;
			sourceTree = "<group>";
		};
		B98D18FA2475A34E0053ABF5 /* ViewModel */ = {
			isa = PBXGroup;
			children = (
				B98D18FB2475A37A0053ABF5 /* SitesViewModel.swift */,
			);
			path = ViewModel;
			sourceTree = "<group>";
		};
		B98D18FD2475A51E0053ABF5 /* Utilities */ = {
			isa = PBXGroup;
			children = (
				B98D18FE2475A5310053ABF5 /* Strings */,
				B98D192B2475D5830053ABF5 /* Utilities.swift */,
				B98D192D2475DE9B0053ABF5 /* Request.swift */,
			);
			path = Utilities;
			sourceTree = "<group>";
		};
		B98D18FE2475A5310053ABF5 /* Strings */ = {
			isa = PBXGroup;
			children = (
				B98D19052475AAC50053ABF5 /* R.generated.swift */,
				B98D19032475A9C40053ABF5 /* Localizable.strings */,
			);
			path = Strings;
			sourceTree = "<group>";
		};
		B98D19092475B61F0053ABF5 /* Tasks */ = {
			isa = PBXGroup;
			children = (
				B98D190A2475B6290053ABF5 /* View */,
				B98D190B2475B6320053ABF5 /* ViewModel */,
			);
			path = Tasks;
			sourceTree = "<group>";
		};
		B98D190A2475B6290053ABF5 /* View */ = {
			isa = PBXGroup;
			children = (
				B98D190C2475B6950053ABF5 /* TasksViewController.swift */,
			);
			path = View;
			sourceTree = "<group>";
		};
		B98D190B2475B6320053ABF5 /* ViewModel */ = {
			isa = PBXGroup;
			children = (
				B98D190E2475B6B20053ABF5 /* TasksViewModel.swift */,
			);
			path = ViewModel;
			sourceTree = "<group>";
		};
		B98D19102475B8C60053ABF5 /* Map */ = {
			isa = PBXGroup;
			children = (
				B98D19112475B8EB0053ABF5 /* View */,
				B98D19122475B8F10053ABF5 /* ViewModel */,
			);
			path = Map;
			sourceTree = "<group>";
		};
		B98D19112475B8EB0053ABF5 /* View */ = {
			isa = PBXGroup;
			children = (
				B98D19152475B9350053ABF5 /* MapViewController.swift */,
			);
			path = View;
			sourceTree = "<group>";
		};
		B98D19122475B8F10053ABF5 /* ViewModel */ = {
			isa = PBXGroup;
			children = (
				B98D19132475B90C0053ABF5 /* MapViewModel.swift */,
			);
			path = ViewModel;
			sourceTree = "<group>";
		};
		B98D19192475BA3B0053ABF5 /* User */ = {
			isa = PBXGroup;
			children = (
				B9EF08D52476642200D4C7A8 /* Model */,
				B98D191A2475BA440053ABF5 /* View */,
				B98D191B2475BA490053ABF5 /* ViewModel */,
			);
			path = User;
			sourceTree = "<group>";
		};
		B98D191A2475BA440053ABF5 /* View */ = {
			isa = PBXGroup;
			children = (
				B98D191E2475BA880053ABF5 /* UserViewController.swift */,
			);
			path = View;
			sourceTree = "<group>";
		};
		B98D191B2475BA490053ABF5 /* ViewModel */ = {
			isa = PBXGroup;
			children = (
				B98D191C2475BA610053ABF5 /* UserViewModel.swift */,
			);
			path = ViewModel;
			sourceTree = "<group>";
		};
		B98D19242475CD560053ABF5 /* Login */ = {
			isa = PBXGroup;
			children = (
				B9EF08D22476616E00D4C7A8 /* Model */,
				B98D19252475CD730053ABF5 /* View */,
				B98D19262475CD790053ABF5 /* ViewModel */,
			);
			path = Login;
			sourceTree = "<group>";
		};
		B98D19252475CD730053ABF5 /* View */ = {
			isa = PBXGroup;
			children = (
				B98D19292475CDC00053ABF5 /* LoginViewController.swift */,
			);
			path = View;
			sourceTree = "<group>";
		};
		B98D19262475CD790053ABF5 /* ViewModel */ = {
			isa = PBXGroup;
			children = (
				B98D19272475CD9D0053ABF5 /* LoginViewModel.swift */,
			);
			path = ViewModel;
			sourceTree = "<group>";
		};
		B9EF08D22476616E00D4C7A8 /* Model */ = {
			isa = PBXGroup;
			children = (
				B965F669247D5F9E00E2E4A2 /* Login.swift */,
				B9BFA4942486862F007C63B4 /* LoggedUser.swift */,
			);
			path = Model;
			sourceTree = "<group>";
		};
		B9EF08D52476642200D4C7A8 /* Model */ = {
			isa = PBXGroup;
			children = (
				B9EF08D3247662BD00D4C7A8 /* User.swift */,
			);
			path = Model;
			sourceTree = "<group>";
		};
		B9F293E2247EED4E00ABF197 /* Model */ = {
			isa = PBXGroup;
			children = (
				B9F293E3247EED5D00ABF197 /* Site.swift */,
				B9BFA496248696DB007C63B4 /* SiteSortSettings.swift */,
				B9F293E5247EF4FC00ABF197 /* Preview */,
			);
			path = Model;
			sourceTree = "<group>";
		};
		B9F293E5247EF4FC00ABF197 /* Preview */ = {
			isa = PBXGroup;
			children = (
				B9F293E6247EF52100ABF197 /* SitePreview.swift */,
			);
			path = Preview;
			sourceTree = "<group>";
		};
/* End PBXGroup section */

/* Begin PBXNativeTarget section */
		B98D18B82475952B0053ABF5 /* MobileNetworkInventoryManager */ = {
			isa = PBXNativeTarget;
			buildConfigurationList = B98D18E32475952D0053ABF5 /* Build configuration list for PBXNativeTarget "MobileNetworkInventoryManager" */;
			buildPhases = (
				C0CEA46888E342282225F702 /* [CP] Check Pods Manifest.lock */,
				B98D19042475A9E90053ABF5 /* Rswift */,
				B98D18B52475952B0053ABF5 /* Sources */,
				B98D18B62475952B0053ABF5 /* Frameworks */,
				B98D18B72475952B0053ABF5 /* Resources */,
				F58D6B08A8886A626B61AAAA /* [CP] Embed Pods Frameworks */,
			);
			buildRules = (
			);
			dependencies = (
			);
			name = MobileNetworkInventoryManager;
			productName = MobileNetworkInventoryManager;
			productReference = B98D18B92475952B0053ABF5 /* MobileNetworkInventoryManager.app */;
			productType = "com.apple.product-type.application";
		};
		B98D18CE2475952D0053ABF5 /* MobileNetworkInventoryManagerTests */ = {
			isa = PBXNativeTarget;
			buildConfigurationList = B98D18E62475952D0053ABF5 /* Build configuration list for PBXNativeTarget "MobileNetworkInventoryManagerTests" */;
			buildPhases = (
				B401A7788CC47014D20D4DFB /* [CP] Check Pods Manifest.lock */,
				B98D18CB2475952D0053ABF5 /* Sources */,
				B98D18CC2475952D0053ABF5 /* Frameworks */,
				B98D18CD2475952D0053ABF5 /* Resources */,
			);
			buildRules = (
			);
			dependencies = (
				B98D18D12475952D0053ABF5 /* PBXTargetDependency */,
			);
			name = MobileNetworkInventoryManagerTests;
			productName = MobileNetworkInventoryManagerTests;
			productReference = B98D18CF2475952D0053ABF5 /* MobileNetworkInventoryManagerTests.xctest */;
			productType = "com.apple.product-type.bundle.unit-test";
		};
		B98D18D92475952D0053ABF5 /* MobileNetworkInventoryManagerUITests */ = {
			isa = PBXNativeTarget;
			buildConfigurationList = B98D18E92475952D0053ABF5 /* Build configuration list for PBXNativeTarget "MobileNetworkInventoryManagerUITests" */;
			buildPhases = (
				BF03870743A71742C12741C6 /* [CP] Check Pods Manifest.lock */,
				B98D18D62475952D0053ABF5 /* Sources */,
				B98D18D72475952D0053ABF5 /* Frameworks */,
				B98D18D82475952D0053ABF5 /* Resources */,
				F2093564F098B64826C1E3E4 /* [CP] Embed Pods Frameworks */,
			);
			buildRules = (
			);
			dependencies = (
				B98D18DC2475952D0053ABF5 /* PBXTargetDependency */,
			);
			name = MobileNetworkInventoryManagerUITests;
			productName = MobileNetworkInventoryManagerUITests;
			productReference = B98D18DA2475952D0053ABF5 /* MobileNetworkInventoryManagerUITests.xctest */;
			productType = "com.apple.product-type.bundle.ui-testing";
		};
/* End PBXNativeTarget section */

/* Begin PBXProject section */
		B98D18B12475952B0053ABF5 /* Project object */ = {
			isa = PBXProject;
			attributes = {
				LastSwiftUpdateCheck = 1140;
				LastUpgradeCheck = 1140;
				ORGANIZATIONNAME = "Danijel Trifunović";
				TargetAttributes = {
					B98D18B82475952B0053ABF5 = {
						CreatedOnToolsVersion = 11.4.1;
					};
					B98D18CE2475952D0053ABF5 = {
						CreatedOnToolsVersion = 11.4.1;
						TestTargetID = B98D18B82475952B0053ABF5;
					};
					B98D18D92475952D0053ABF5 = {
						CreatedOnToolsVersion = 11.4.1;
						TestTargetID = B98D18B82475952B0053ABF5;
					};
				};
			};
			buildConfigurationList = B98D18B42475952B0053ABF5 /* Build configuration list for PBXProject "MobileNetworkInventoryManager" */;
			compatibilityVersion = "Xcode 9.3";
			developmentRegion = en;
			hasScannedForEncodings = 0;
			knownRegions = (
				en,
				Base,
			);
			mainGroup = B98D18B02475952B0053ABF5;
			productRefGroup = B98D18BA2475952B0053ABF5 /* Products */;
			projectDirPath = "";
			projectRoot = "";
			targets = (
				B98D18B82475952B0053ABF5 /* MobileNetworkInventoryManager */,
				B98D18CE2475952D0053ABF5 /* MobileNetworkInventoryManagerTests */,
				B98D18D92475952D0053ABF5 /* MobileNetworkInventoryManagerUITests */,
			);
		};
/* End PBXProject section */

/* Begin PBXResourcesBuildPhase section */
		B98D18B72475952B0053ABF5 /* Resources */ = {
			isa = PBXResourcesBuildPhase;
			buildActionMask = 2147483647;
			files = (
				B98D18C92475952C0053ABF5 /* LaunchScreen.storyboard in Resources */,
				B98D19012475A9C40053ABF5 /* Localizable.strings in Resources */,
				B98D18C62475952C0053ABF5 /* Preview Assets.xcassets in Resources */,
				B98D18C32475952C0053ABF5 /* Assets.xcassets in Resources */,
			);
			runOnlyForDeploymentPostprocessing = 0;
		};
		B98D18CD2475952D0053ABF5 /* Resources */ = {
			isa = PBXResourcesBuildPhase;
			buildActionMask = 2147483647;
			files = (
			);
			runOnlyForDeploymentPostprocessing = 0;
		};
		B98D18D82475952D0053ABF5 /* Resources */ = {
			isa = PBXResourcesBuildPhase;
			buildActionMask = 2147483647;
			files = (
			);
			runOnlyForDeploymentPostprocessing = 0;
		};
/* End PBXResourcesBuildPhase section */

/* Begin PBXShellScriptBuildPhase section */
		B401A7788CC47014D20D4DFB /* [CP] Check Pods Manifest.lock */ = {
			isa = PBXShellScriptBuildPhase;
			buildActionMask = 2147483647;
			files = (
			);
			inputFileListPaths = (
			);
			inputPaths = (
				"${PODS_PODFILE_DIR_PATH}/Podfile.lock",
				"${PODS_ROOT}/Manifest.lock",
			);
			name = "[CP] Check Pods Manifest.lock";
			outputFileListPaths = (
			);
			outputPaths = (
				"$(DERIVED_FILE_DIR)/Pods-MobileNetworkInventoryManagerTests-checkManifestLockResult.txt",
			);
			runOnlyForDeploymentPostprocessing = 0;
			shellPath = /bin/sh;
			shellScript = "diff \"${PODS_PODFILE_DIR_PATH}/Podfile.lock\" \"${PODS_ROOT}/Manifest.lock\" > /dev/null\nif [ $? != 0 ] ; then\n    # print error to STDERR\n    echo \"error: The sandbox is not in sync with the Podfile.lock. Run 'pod install' or update your CocoaPods installation.\" >&2\n    exit 1\nfi\n# This output is used by Xcode 'outputs' to avoid re-running this script phase.\necho \"SUCCESS\" > \"${SCRIPT_OUTPUT_FILE_0}\"\n";
			showEnvVarsInLog = 0;
		};
		B98D19042475A9E90053ABF5 /* Rswift */ = {
			isa = PBXShellScriptBuildPhase;
			buildActionMask = 2147483647;
			files = (
			);
			inputFileListPaths = (
			);
			inputPaths = (
				"$TEMP_DIR/rswift-lastrun",
			);
			name = Rswift;
			outputFileListPaths = (
			);
			outputPaths = (
				$SRCROOT/R.generated.swift,
			);
			runOnlyForDeploymentPostprocessing = 0;
			shellPath = /bin/sh;
			shellScript = "\"$PODS_ROOT/R.swift/rswift\" generate \"$SRCROOT/R.generated.swift\"\n";
		};
		BF03870743A71742C12741C6 /* [CP] Check Pods Manifest.lock */ = {
			isa = PBXShellScriptBuildPhase;
			buildActionMask = 2147483647;
			files = (
			);
			inputFileListPaths = (
			);
			inputPaths = (
				"${PODS_PODFILE_DIR_PATH}/Podfile.lock",
				"${PODS_ROOT}/Manifest.lock",
			);
			name = "[CP] Check Pods Manifest.lock";
			outputFileListPaths = (
			);
			outputPaths = (
				"$(DERIVED_FILE_DIR)/Pods-MobileNetworkInventoryManager-MobileNetworkInventoryManagerUITests-checkManifestLockResult.txt",
			);
			runOnlyForDeploymentPostprocessing = 0;
			shellPath = /bin/sh;
			shellScript = "diff \"${PODS_PODFILE_DIR_PATH}/Podfile.lock\" \"${PODS_ROOT}/Manifest.lock\" > /dev/null\nif [ $? != 0 ] ; then\n    # print error to STDERR\n    echo \"error: The sandbox is not in sync with the Podfile.lock. Run 'pod install' or update your CocoaPods installation.\" >&2\n    exit 1\nfi\n# This output is used by Xcode 'outputs' to avoid re-running this script phase.\necho \"SUCCESS\" > \"${SCRIPT_OUTPUT_FILE_0}\"\n";
			showEnvVarsInLog = 0;
		};
		C0CEA46888E342282225F702 /* [CP] Check Pods Manifest.lock */ = {
			isa = PBXShellScriptBuildPhase;
			buildActionMask = 2147483647;
			files = (
			);
			inputFileListPaths = (
			);
			inputPaths = (
				"${PODS_PODFILE_DIR_PATH}/Podfile.lock",
				"${PODS_ROOT}/Manifest.lock",
			);
			name = "[CP] Check Pods Manifest.lock";
			outputFileListPaths = (
			);
			outputPaths = (
				"$(DERIVED_FILE_DIR)/Pods-MobileNetworkInventoryManager-checkManifestLockResult.txt",
			);
			runOnlyForDeploymentPostprocessing = 0;
			shellPath = /bin/sh;
			shellScript = "diff \"${PODS_PODFILE_DIR_PATH}/Podfile.lock\" \"${PODS_ROOT}/Manifest.lock\" > /dev/null\nif [ $? != 0 ] ; then\n    # print error to STDERR\n    echo \"error: The sandbox is not in sync with the Podfile.lock. Run 'pod install' or update your CocoaPods installation.\" >&2\n    exit 1\nfi\n# This output is used by Xcode 'outputs' to avoid re-running this script phase.\necho \"SUCCESS\" > \"${SCRIPT_OUTPUT_FILE_0}\"\n";
			showEnvVarsInLog = 0;
		};
		F2093564F098B64826C1E3E4 /* [CP] Embed Pods Frameworks */ = {
			isa = PBXShellScriptBuildPhase;
			buildActionMask = 2147483647;
			files = (
			);
			inputFileListPaths = (
				"${PODS_ROOT}/Target Support Files/Pods-MobileNetworkInventoryManager-MobileNetworkInventoryManagerUITests/Pods-MobileNetworkInventoryManager-MobileNetworkInventoryManagerUITests-frameworks-${CONFIGURATION}-input-files.xcfilelist",
			);
			name = "[CP] Embed Pods Frameworks";
			outputFileListPaths = (
				"${PODS_ROOT}/Target Support Files/Pods-MobileNetworkInventoryManager-MobileNetworkInventoryManagerUITests/Pods-MobileNetworkInventoryManager-MobileNetworkInventoryManagerUITests-frameworks-${CONFIGURATION}-output-files.xcfilelist",
			);
			runOnlyForDeploymentPostprocessing = 0;
			shellPath = /bin/sh;
			shellScript = "\"${PODS_ROOT}/Target Support Files/Pods-MobileNetworkInventoryManager-MobileNetworkInventoryManagerUITests/Pods-MobileNetworkInventoryManager-MobileNetworkInventoryManagerUITests-frameworks.sh\"\n";
			showEnvVarsInLog = 0;
		};
		F58D6B08A8886A626B61AAAA /* [CP] Embed Pods Frameworks */ = {
			isa = PBXShellScriptBuildPhase;
			buildActionMask = 2147483647;
			files = (
			);
			inputFileListPaths = (
				"${PODS_ROOT}/Target Support Files/Pods-MobileNetworkInventoryManager/Pods-MobileNetworkInventoryManager-frameworks-${CONFIGURATION}-input-files.xcfilelist",
			);
			name = "[CP] Embed Pods Frameworks";
			outputFileListPaths = (
				"${PODS_ROOT}/Target Support Files/Pods-MobileNetworkInventoryManager/Pods-MobileNetworkInventoryManager-frameworks-${CONFIGURATION}-output-files.xcfilelist",
			);
			runOnlyForDeploymentPostprocessing = 0;
			shellPath = /bin/sh;
			shellScript = "\"${PODS_ROOT}/Target Support Files/Pods-MobileNetworkInventoryManager/Pods-MobileNetworkInventoryManager-frameworks.sh\"\n";
			showEnvVarsInLog = 0;
		};
/* End PBXShellScriptBuildPhase section */

/* Begin PBXSourcesBuildPhase section */
		B98D18B52475952B0053ABF5 /* Sources */ = {
			isa = PBXSourcesBuildPhase;
			buildActionMask = 2147483647;
			files = (
				B98D18F12475975E0053ABF5 /* AppCoordinator.swift in Sources */,
				B98D191F2475BA880053ABF5 /* UserViewController.swift in Sources */,
				B98D19082475B51B0053ABF5 /* TasksCoordinator.swift in Sources */,
				B9EF08D4247662BD00D4C7A8 /* User.swift in Sources */,
				B98D18BD2475952B0053ABF5 /* AppDelegate.swift in Sources */,
				B98D18FC2475A37A0053ABF5 /* SitesViewModel.swift in Sources */,
				B98D19062475AAC50053ABF5 /* R.generated.swift in Sources */,
				B98D19232475CA460053ABF5 /* LoginCoordinator.swift in Sources */,
				B98D18F3247597860053ABF5 /* SitesCoordinator.swift in Sources */,
				B98D192A2475CDC00053ABF5 /* LoginViewController.swift in Sources */,
				B98D192C2475D5830053ABF5 /* Utilities.swift in Sources */,
				B98D19162475B9350053ABF5 /* MapViewController.swift in Sources */,
				B98D18BF2475952B0053ABF5 /* SceneDelegate.swift in Sources */,
				B98D190D2475B6950053ABF5 /* TasksViewController.swift in Sources */,
				B98D19182475B96E0053ABF5 /* MapCoordinator.swift in Sources */,
				B965F66A247D5F9E00E2E4A2 /* Login.swift in Sources */,
				B98D19212475BABC0053ABF5 /* UserCoordinator.swift in Sources */,
				B98D19302475DFE20053ABF5 /* CoordinatorDelegate.swift in Sources */,
				B907F2A7248530E80063754C /* Sort.swift in Sources */,
				B98D192E2475DE9B0053ABF5 /* Request.swift in Sources */,
				B9F293E1247EAD1D00ABF197 /* UserDelegate.swift in Sources */,
				B928A85A2484422A0092D246 /* SortDelegate.swift in Sources */,
				B907F2AD2485336A0063754C /* SortViewModel.swift in Sources */,
				B9F293E4247EED5D00ABF197 /* Site.swift in Sources */,
				B9F293E7247EF52100ABF197 /* SitePreview.swift in Sources */,
				B928A85C248460B70092D246 /* SortView.swift in Sources */,
				B9F293E9247F010E00ABF197 /* SitesTableViewController.swift in Sources */,
				B98D19322475E1720053ABF5 /* ViewControllerDelegate.swift in Sources */,
				B9BFA4952486862F007C63B4 /* LoggedUser.swift in Sources */,
				B98D18EE247597090053ABF5 /* Coordinator.swift in Sources */,
				B98D190F2475B6B20053ABF5 /* TasksViewModel.swift in Sources */,
				B98D191D2475BA610053ABF5 /* UserViewModel.swift in Sources */,
				B98D19282475CD9D0053ABF5 /* LoginViewModel.swift in Sources */,
				B9F293DF247EA76900ABF197 /* LoginDelegate.swift in Sources */,
				B9BFA497248696DB007C63B4 /* SiteSortSettings.swift in Sources */,
				B9F293EB247F024E00ABF197 /* SitesTableViewCell.swift in Sources */,
				B98D19142475B90C0053ABF5 /* MapViewModel.swift in Sources */,
			);
			runOnlyForDeploymentPostprocessing = 0;
		};
		B98D18CB2475952D0053ABF5 /* Sources */ = {
			isa = PBXSourcesBuildPhase;
			buildActionMask = 2147483647;
			files = (
				B98D18D42475952D0053ABF5 /* MobileNetworkInventoryManagerTests.swift in Sources */,
			);
			runOnlyForDeploymentPostprocessing = 0;
		};
		B98D18D62475952D0053ABF5 /* Sources */ = {
			isa = PBXSourcesBuildPhase;
			buildActionMask = 2147483647;
			files = (
				B98D18DF2475952D0053ABF5 /* MobileNetworkInventoryManagerUITests.swift in Sources */,
			);
			runOnlyForDeploymentPostprocessing = 0;
		};
/* End PBXSourcesBuildPhase section */

/* Begin PBXTargetDependency section */
		B98D18D12475952D0053ABF5 /* PBXTargetDependency */ = {
			isa = PBXTargetDependency;
			target = B98D18B82475952B0053ABF5 /* MobileNetworkInventoryManager */;
			targetProxy = B98D18D02475952D0053ABF5 /* PBXContainerItemProxy */;
		};
		B98D18DC2475952D0053ABF5 /* PBXTargetDependency */ = {
			isa = PBXTargetDependency;
			target = B98D18B82475952B0053ABF5 /* MobileNetworkInventoryManager */;
			targetProxy = B98D18DB2475952D0053ABF5 /* PBXContainerItemProxy */;
		};
/* End PBXTargetDependency section */

/* Begin PBXVariantGroup section */
		B98D18C72475952C0053ABF5 /* LaunchScreen.storyboard */ = {
			isa = PBXVariantGroup;
			children = (
				B98D18C82475952C0053ABF5 /* Base */,
			);
			name = LaunchScreen.storyboard;
			sourceTree = "<group>";
		};
		B98D19032475A9C40053ABF5 /* Localizable.strings */ = {
			isa = PBXVariantGroup;
			children = (
				B98D19022475A9C40053ABF5 /* en */,
			);
			name = Localizable.strings;
			sourceTree = "<group>";
		};
/* End PBXVariantGroup section */

/* Begin XCBuildConfiguration section */
		B98D18E12475952D0053ABF5 /* Debug */ = {
			isa = XCBuildConfiguration;
			buildSettings = {
				ALWAYS_SEARCH_USER_PATHS = NO;
				CLANG_ANALYZER_NONNULL = YES;
				CLANG_ANALYZER_NUMBER_OBJECT_CONVERSION = YES_AGGRESSIVE;
				CLANG_CXX_LANGUAGE_STANDARD = "gnu++14";
				CLANG_CXX_LIBRARY = "libc++";
				CLANG_ENABLE_MODULES = YES;
				CLANG_ENABLE_OBJC_ARC = YES;
				CLANG_ENABLE_OBJC_WEAK = YES;
				CLANG_WARN_BLOCK_CAPTURE_AUTORELEASING = YES;
				CLANG_WARN_BOOL_CONVERSION = YES;
				CLANG_WARN_COMMA = YES;
				CLANG_WARN_CONSTANT_CONVERSION = YES;
				CLANG_WARN_DEPRECATED_OBJC_IMPLEMENTATIONS = YES;
				CLANG_WARN_DIRECT_OBJC_ISA_USAGE = YES_ERROR;
				CLANG_WARN_DOCUMENTATION_COMMENTS = YES;
				CLANG_WARN_EMPTY_BODY = YES;
				CLANG_WARN_ENUM_CONVERSION = YES;
				CLANG_WARN_INFINITE_RECURSION = YES;
				CLANG_WARN_INT_CONVERSION = YES;
				CLANG_WARN_NON_LITERAL_NULL_CONVERSION = YES;
				CLANG_WARN_OBJC_IMPLICIT_RETAIN_SELF = YES;
				CLANG_WARN_OBJC_LITERAL_CONVERSION = YES;
				CLANG_WARN_OBJC_ROOT_CLASS = YES_ERROR;
				CLANG_WARN_RANGE_LOOP_ANALYSIS = YES;
				CLANG_WARN_STRICT_PROTOTYPES = YES;
				CLANG_WARN_SUSPICIOUS_MOVE = YES;
				CLANG_WARN_UNGUARDED_AVAILABILITY = YES_AGGRESSIVE;
				CLANG_WARN_UNREACHABLE_CODE = YES;
				CLANG_WARN__DUPLICATE_METHOD_MATCH = YES;
				COPY_PHASE_STRIP = NO;
				DEBUG_INFORMATION_FORMAT = dwarf;
				ENABLE_STRICT_OBJC_MSGSEND = YES;
				ENABLE_TESTABILITY = YES;
				GCC_C_LANGUAGE_STANDARD = gnu11;
				GCC_DYNAMIC_NO_PIC = NO;
				GCC_NO_COMMON_BLOCKS = YES;
				GCC_OPTIMIZATION_LEVEL = 0;
				GCC_PREPROCESSOR_DEFINITIONS = (
					"DEBUG=1",
					"$(inherited)",
				);
				GCC_WARN_64_TO_32_BIT_CONVERSION = YES;
				GCC_WARN_ABOUT_RETURN_TYPE = YES_ERROR;
				GCC_WARN_UNDECLARED_SELECTOR = YES;
				GCC_WARN_UNINITIALIZED_AUTOS = YES_AGGRESSIVE;
				GCC_WARN_UNUSED_FUNCTION = YES;
				GCC_WARN_UNUSED_VARIABLE = YES;
				IPHONEOS_DEPLOYMENT_TARGET = 13.4;
				MTL_ENABLE_DEBUG_INFO = INCLUDE_SOURCE;
				MTL_FAST_MATH = YES;
				ONLY_ACTIVE_ARCH = YES;
				SDKROOT = iphoneos;
				SWIFT_ACTIVE_COMPILATION_CONDITIONS = DEBUG;
				SWIFT_OPTIMIZATION_LEVEL = "-Onone";
			};
			name = Debug;
		};
		B98D18E22475952D0053ABF5 /* Release */ = {
			isa = XCBuildConfiguration;
			buildSettings = {
				ALWAYS_SEARCH_USER_PATHS = NO;
				CLANG_ANALYZER_NONNULL = YES;
				CLANG_ANALYZER_NUMBER_OBJECT_CONVERSION = YES_AGGRESSIVE;
				CLANG_CXX_LANGUAGE_STANDARD = "gnu++14";
				CLANG_CXX_LIBRARY = "libc++";
				CLANG_ENABLE_MODULES = YES;
				CLANG_ENABLE_OBJC_ARC = YES;
				CLANG_ENABLE_OBJC_WEAK = YES;
				CLANG_WARN_BLOCK_CAPTURE_AUTORELEASING = YES;
				CLANG_WARN_BOOL_CONVERSION = YES;
				CLANG_WARN_COMMA = YES;
				CLANG_WARN_CONSTANT_CONVERSION = YES;
				CLANG_WARN_DEPRECATED_OBJC_IMPLEMENTATIONS = YES;
				CLANG_WARN_DIRECT_OBJC_ISA_USAGE = YES_ERROR;
				CLANG_WARN_DOCUMENTATION_COMMENTS = YES;
				CLANG_WARN_EMPTY_BODY = YES;
				CLANG_WARN_ENUM_CONVERSION = YES;
				CLANG_WARN_INFINITE_RECURSION = YES;
				CLANG_WARN_INT_CONVERSION = YES;
				CLANG_WARN_NON_LITERAL_NULL_CONVERSION = YES;
				CLANG_WARN_OBJC_IMPLICIT_RETAIN_SELF = YES;
				CLANG_WARN_OBJC_LITERAL_CONVERSION = YES;
				CLANG_WARN_OBJC_ROOT_CLASS = YES_ERROR;
				CLANG_WARN_RANGE_LOOP_ANALYSIS = YES;
				CLANG_WARN_STRICT_PROTOTYPES = YES;
				CLANG_WARN_SUSPICIOUS_MOVE = YES;
				CLANG_WARN_UNGUARDED_AVAILABILITY = YES_AGGRESSIVE;
				CLANG_WARN_UNREACHABLE_CODE = YES;
				CLANG_WARN__DUPLICATE_METHOD_MATCH = YES;
				COPY_PHASE_STRIP = NO;
				DEBUG_INFORMATION_FORMAT = "dwarf-with-dsym";
				ENABLE_NS_ASSERTIONS = NO;
				ENABLE_STRICT_OBJC_MSGSEND = YES;
				GCC_C_LANGUAGE_STANDARD = gnu11;
				GCC_NO_COMMON_BLOCKS = YES;
				GCC_WARN_64_TO_32_BIT_CONVERSION = YES;
				GCC_WARN_ABOUT_RETURN_TYPE = YES_ERROR;
				GCC_WARN_UNDECLARED_SELECTOR = YES;
				GCC_WARN_UNINITIALIZED_AUTOS = YES_AGGRESSIVE;
				GCC_WARN_UNUSED_FUNCTION = YES;
				GCC_WARN_UNUSED_VARIABLE = YES;
				IPHONEOS_DEPLOYMENT_TARGET = 13.4;
				MTL_ENABLE_DEBUG_INFO = NO;
				MTL_FAST_MATH = YES;
				SDKROOT = iphoneos;
				SWIFT_COMPILATION_MODE = wholemodule;
				SWIFT_OPTIMIZATION_LEVEL = "-O";
				VALIDATE_PRODUCT = YES;
			};
			name = Release;
		};
		B98D18E42475952D0053ABF5 /* Debug */ = {
			isa = XCBuildConfiguration;
			baseConfigurationReference = 763BB18B6C3637227FBB7651 /* Pods-MobileNetworkInventoryManager.debug.xcconfig */;
			buildSettings = {
				ASSETCATALOG_COMPILER_APPICON_NAME = AppIcon;
				CODE_SIGN_STYLE = Automatic;
				DEVELOPMENT_ASSET_PATHS = "\"MobileNetworkInventoryManager/Preview Content\"";
				ENABLE_PREVIEWS = YES;
				INFOPLIST_FILE = MobileNetworkInventoryManager/Info.plist;
				IPHONEOS_DEPLOYMENT_TARGET = 12.0;
				LD_RUNPATH_SEARCH_PATHS = (
					"$(inherited)",
					"@executable_path/Frameworks",
				);
				PRODUCT_BUNDLE_IDENTIFIER = com.danijeltrifunovic.MobileNetworkInventoryManager;
				PRODUCT_NAME = "$(TARGET_NAME)";
				SWIFT_VERSION = 5.0;
				TARGETED_DEVICE_FAMILY = 1;
			};
			name = Debug;
		};
		B98D18E52475952D0053ABF5 /* Release */ = {
			isa = XCBuildConfiguration;
			baseConfigurationReference = 0178B5125814F0A3DE99A3D6 /* Pods-MobileNetworkInventoryManager.release.xcconfig */;
			buildSettings = {
				ASSETCATALOG_COMPILER_APPICON_NAME = AppIcon;
				CODE_SIGN_STYLE = Automatic;
				DEVELOPMENT_ASSET_PATHS = "\"MobileNetworkInventoryManager/Preview Content\"";
				ENABLE_PREVIEWS = YES;
				INFOPLIST_FILE = MobileNetworkInventoryManager/Info.plist;
				IPHONEOS_DEPLOYMENT_TARGET = 12.0;
				LD_RUNPATH_SEARCH_PATHS = (
					"$(inherited)",
					"@executable_path/Frameworks",
				);
				PRODUCT_BUNDLE_IDENTIFIER = com.danijeltrifunovic.MobileNetworkInventoryManager;
				PRODUCT_NAME = "$(TARGET_NAME)";
				SWIFT_VERSION = 5.0;
				TARGETED_DEVICE_FAMILY = 1;
			};
			name = Release;
		};
		B98D18E72475952D0053ABF5 /* Debug */ = {
			isa = XCBuildConfiguration;
			baseConfigurationReference = 9F59E51D23D8D1F150DF0B86 /* Pods-MobileNetworkInventoryManagerTests.debug.xcconfig */;
			buildSettings = {
				ALWAYS_EMBED_SWIFT_STANDARD_LIBRARIES = YES;
				BUNDLE_LOADER = "$(TEST_HOST)";
				CODE_SIGN_STYLE = Automatic;
				INFOPLIST_FILE = MobileNetworkInventoryManagerTests/Info.plist;
				IPHONEOS_DEPLOYMENT_TARGET = 13.4;
				LD_RUNPATH_SEARCH_PATHS = (
					"$(inherited)",
					"@executable_path/Frameworks",
					"@loader_path/Frameworks",
				);
				PRODUCT_BUNDLE_IDENTIFIER = com.danijeltrifunovic.MobileNetworkInventoryManagerTests;
				PRODUCT_NAME = "$(TARGET_NAME)";
				SWIFT_VERSION = 5.0;
				TARGETED_DEVICE_FAMILY = "1,2";
				TEST_HOST = "$(BUILT_PRODUCTS_DIR)/MobileNetworkInventoryManager.app/MobileNetworkInventoryManager";
			};
			name = Debug;
		};
		B98D18E82475952D0053ABF5 /* Release */ = {
			isa = XCBuildConfiguration;
			baseConfigurationReference = 198E2B40870B0231B0899829 /* Pods-MobileNetworkInventoryManagerTests.release.xcconfig */;
			buildSettings = {
				ALWAYS_EMBED_SWIFT_STANDARD_LIBRARIES = YES;
				BUNDLE_LOADER = "$(TEST_HOST)";
				CODE_SIGN_STYLE = Automatic;
				INFOPLIST_FILE = MobileNetworkInventoryManagerTests/Info.plist;
				IPHONEOS_DEPLOYMENT_TARGET = 13.4;
				LD_RUNPATH_SEARCH_PATHS = (
					"$(inherited)",
					"@executable_path/Frameworks",
					"@loader_path/Frameworks",
				);
				PRODUCT_BUNDLE_IDENTIFIER = com.danijeltrifunovic.MobileNetworkInventoryManagerTests;
				PRODUCT_NAME = "$(TARGET_NAME)";
				SWIFT_VERSION = 5.0;
				TARGETED_DEVICE_FAMILY = "1,2";
				TEST_HOST = "$(BUILT_PRODUCTS_DIR)/MobileNetworkInventoryManager.app/MobileNetworkInventoryManager";
			};
			name = Release;
		};
		B98D18EA2475952D0053ABF5 /* Debug */ = {
			isa = XCBuildConfiguration;
			baseConfigurationReference = FBD38ED969EA95C250BB8EBC /* Pods-MobileNetworkInventoryManager-MobileNetworkInventoryManagerUITests.debug.xcconfig */;
			buildSettings = {
				ALWAYS_EMBED_SWIFT_STANDARD_LIBRARIES = YES;
				CODE_SIGN_STYLE = Automatic;
				INFOPLIST_FILE = MobileNetworkInventoryManagerUITests/Info.plist;
				LD_RUNPATH_SEARCH_PATHS = (
					"$(inherited)",
					"@executable_path/Frameworks",
					"@loader_path/Frameworks",
				);
				PRODUCT_BUNDLE_IDENTIFIER = com.danijeltrifunovic.MobileNetworkInventoryManagerUITests;
				PRODUCT_NAME = "$(TARGET_NAME)";
				SWIFT_VERSION = 5.0;
				TARGETED_DEVICE_FAMILY = "1,2";
				TEST_TARGET_NAME = MobileNetworkInventoryManager;
			};
			name = Debug;
		};
		B98D18EB2475952D0053ABF5 /* Release */ = {
			isa = XCBuildConfiguration;
			baseConfigurationReference = 9B4791EFB61DA4141953D1E9 /* Pods-MobileNetworkInventoryManager-MobileNetworkInventoryManagerUITests.release.xcconfig */;
			buildSettings = {
				ALWAYS_EMBED_SWIFT_STANDARD_LIBRARIES = YES;
				CODE_SIGN_STYLE = Automatic;
				INFOPLIST_FILE = MobileNetworkInventoryManagerUITests/Info.plist;
				LD_RUNPATH_SEARCH_PATHS = (
					"$(inherited)",
					"@executable_path/Frameworks",
					"@loader_path/Frameworks",
				);
				PRODUCT_BUNDLE_IDENTIFIER = com.danijeltrifunovic.MobileNetworkInventoryManagerUITests;
				PRODUCT_NAME = "$(TARGET_NAME)";
				SWIFT_VERSION = 5.0;
				TARGETED_DEVICE_FAMILY = "1,2";
				TEST_TARGET_NAME = MobileNetworkInventoryManager;
			};
			name = Release;
		};
/* End XCBuildConfiguration section */

/* Begin XCConfigurationList section */
		B98D18B42475952B0053ABF5 /* Build configuration list for PBXProject "MobileNetworkInventoryManager" */ = {
			isa = XCConfigurationList;
			buildConfigurations = (
				B98D18E12475952D0053ABF5 /* Debug */,
				B98D18E22475952D0053ABF5 /* Release */,
			);
			defaultConfigurationIsVisible = 0;
			defaultConfigurationName = Release;
		};
		B98D18E32475952D0053ABF5 /* Build configuration list for PBXNativeTarget "MobileNetworkInventoryManager" */ = {
			isa = XCConfigurationList;
			buildConfigurations = (
				B98D18E42475952D0053ABF5 /* Debug */,
				B98D18E52475952D0053ABF5 /* Release */,
			);
			defaultConfigurationIsVisible = 0;
			defaultConfigurationName = Release;
		};
		B98D18E62475952D0053ABF5 /* Build configuration list for PBXNativeTarget "MobileNetworkInventoryManagerTests" */ = {
			isa = XCConfigurationList;
			buildConfigurations = (
				B98D18E72475952D0053ABF5 /* Debug */,
				B98D18E82475952D0053ABF5 /* Release */,
			);
			defaultConfigurationIsVisible = 0;
			defaultConfigurationName = Release;
		};
		B98D18E92475952D0053ABF5 /* Build configuration list for PBXNativeTarget "MobileNetworkInventoryManagerUITests" */ = {
			isa = XCConfigurationList;
			buildConfigurations = (
				B98D18EA2475952D0053ABF5 /* Debug */,
				B98D18EB2475952D0053ABF5 /* Release */,
			);
			defaultConfigurationIsVisible = 0;
			defaultConfigurationName = Release;
		};
/* End XCConfigurationList section */
	};
	rootObject = B98D18B12475952B0053ABF5 /* Project object */;
}
